
Microsoft Visual Studio Solution File, Format Version 12.00
# Visual Studio Version 16
VisualStudioVersion = 16.0.30611.23
MinimumVisualStudioVersion = 10.0.40219.1
Project("{FAE04EC0-301F-11D3-BF4B-00C04F79EFBC}") = "Calculator", "Calculator\Calculator.csproj", "{2E12C6E0-F0AE-47DE-B73A-40E1C494A839}"
EndProject
Global
	GlobalSection(SolutionConfigurationPlatforms) = preSolution
		Debug|Any CPU = Debug|Any CPU
		Release|Any CPU = Release|Any CPU
	EndGlobalSection
	GlobalSection(ProjectConfigurationPlatforms) = postSolution
		{2E12C6E0-F0AE-47DE-B73A-40E1C494A839}.Debug|Any CPU.ActiveCfg = Debug|Any CPU
		{2E12C6E0-F0AE-47DE-B73A-40E1C494A839}.Debug|Any CPU.Build.0 = Debug|Any CPU
		{2E12C6E0-F0AE-47DE-B73A-40E1C494A839}.Release|Any CPU.ActiveCfg = Release|Any CPU
		{2E12C6E0-F0AE-47DE-B73A-40E1C494A839}.Release|Any CPU.Build.0 = Release|Any CPU
	EndGlobalSection
	GlobalSection(SolutionProperties) = preSolution
		HideSolutionNode = FALSE
	EndGlobalSection
	GlobalSection(ExtensibilityGlobals) = postSolution
		SolutionGuid = {F1921DF6-BA17-4C27-8ABE-E2BE95CC3A21}
	EndGlobalSection
EndGlobal
